
Microsoft Visual Studio Solution File, Format Version 12.00
# Visual Studio Version 17
VisualStudioVersion = 17.5.002.0
MinimumVisualStudioVersion = 10.0.40219.1
Project("{9A19103F-16F7-4668-BE54-9A1E7A4F7556}") = "HackSheffield", "HackSheffield.csproj", "{8E663C40-C871-425C-B524-0FA3D136C796}"
EndProject
Global
	GlobalSection(SolutionConfigurationPlatforms) = preSolution
		Debug|Any CPU = Debug|Any CPU
		Release|Any CPU = Release|Any CPU
	EndGlobalSection
	GlobalSection(ProjectConfigurationPlatforms) = postSolution
		{8E663C40-C871-425C-B524-0FA3D136C796}.Debug|Any CPU.ActiveCfg = Debug|Any CPU
		{8E663C40-C871-425C-B524-0FA3D136C796}.Debug|Any CPU.Build.0 = Debug|Any CPU
		{8E663C40-C871-425C-B524-0FA3D136C796}.Release|Any CPU.ActiveCfg = Release|Any CPU
		{8E663C40-C871-425C-B524-0FA3D136C796}.Release|Any CPU.Build.0 = Release|Any CPU
	EndGlobalSection
	GlobalSection(SolutionProperties) = preSolution
		HideSolutionNode = FALSE
	EndGlobalSection
	GlobalSection(ExtensibilityGlobals) = postSolution
		SolutionGuid = {7FBB9B11-C731-4350-AD98-454AA5F44670}
	EndGlobalSection
EndGlobal
